{
    "version": 3,
    "terraform_version": "0.11.0",
    "serial": 8,
    "lineage": "516f38a0-0387-48de-9067-21048420e97f",
    "modules": [
        {
            "path": [
                "root"
            ],
            "outputs": {
                "publicip": {
                    "sensitive": false,
                    "type": "string",
                    "value": "27.86.1.33"
                },
                "vm_pass": {
                    "sensitive": false,
                    "type": "string",
                    "value": "t69HTV"
                },
                "vm_port": {
                    "sensitive": false,
                    "type": "string",
                    "value": "1000"
                }
            },
            "resources": {
                "data.kcps_network.ex": {
                    "type": "kcps_network",
                    "depends_on": [
                        "data.kcps_zone.ex"
                    ],
                    "primary": {
                        "id": "d1f1bea6-d07b-4158-976e-c3f629f2bcbb",
                        "attributes": {
                            "id": "d1f1bea6-d07b-4158-976e-c3f629f2bcbb",
                            "name": "PublicFrontSegment",
                            "network_id": "d1f1bea6-d07b-4158-976e-c3f629f2bcbb",
                            "tags.#": "0",
                            "zoneid": "c71ac6b8-498e-43e6-89ad-46944a67bce0"
                        },
                        "meta": {},
                        "tainted": false
                    },
                    "deposed": [],
                    "provider": "provider.kcps"
                },
                "data.kcps_service_offering.ex": {
                    "type": "kcps_service_offering",
                    "depends_on": [],
                    "primary": {
                        "id": "e3060950-1b4f-4adb-b050-bbe99694da19",
                        "attributes": {
                            "id": "e3060950-1b4f-4adb-b050-bbe99694da19",
                            "name": "Small1(1vCPU,Mem2GB)",
                            "serviceoffering_id": "e3060950-1b4f-4adb-b050-bbe99694da19"
                        },
                        "meta": {},
                        "tainted": false
                    },
                    "deposed": [],
                    "provider": "provider.kcps"
                },
                "data.kcps_template.ex": {
                    "type": "kcps_template",
                    "depends_on": [
                        "data.kcps_zone.ex"
                    ],
                    "primary": {
                        "id": "3718692a-b3d6-457f-be4c-dc4a40dbca0c",
                        "attributes": {
                            "displaytext": "CentOS 7.8 64bit ウイルス対策なし",
                            "format": "OVA",
                            "hypervisor": "VMware",
                            "id": "3718692a-b3d6-457f-be4c-dc4a40dbca0c",
                            "isdynamicallyscalable": "true",
                            "ispublic": "true",
                            "name": "CentOS7.8(64bit)100GB",
                            "ostypeid": "1de5c681-8bc4-11ea-8c0e-b496910faa54",
                            "passwordenabled": "true",
                            "tags.#": "0",
                            "template_id": "3718692a-b3d6-457f-be4c-dc4a40dbca0c",
                            "templatefilter": "community",
                            "zoneid": "c71ac6b8-498e-43e6-89ad-46944a67bce0"
                        },
                        "meta": {},
                        "tainted": false
                    },
                    "deposed": [],
                    "provider": "provider.kcps"
                },
                "data.kcps_zone.ex": {
                    "type": "kcps_zone",
                    "depends_on": [],
                    "primary": {
                        "id": "c71ac6b8-498e-43e6-89ad-46944a67bce0",
                        "attributes": {
                            "id": "c71ac6b8-498e-43e6-89ad-46944a67bce0",
                            "name": "jp2-east04",
                            "zone_id": "c71ac6b8-498e-43e6-89ad-46944a67bce0"
                        },
                        "meta": {},
                        "tainted": false
                    },
                    "deposed": [],
                    "provider": "provider.kcps"
                },
                "kcps_firewall.ex": {
                    "type": "kcps_firewall",
                    "depends_on": [
                        "kcps_publicip.ex"
                    ],
                    "primary": {
                        "id": "234fbd1a-a0e2-4113-bca6-4a05ff727add",
                        "attributes": {
                            "cidrlist.#": "1",
                            "cidrlist.0": "111.111.111.111/32",
                            "id": "234fbd1a-a0e2-4113-bca6-4a05ff727add",
                            "ipaddress": "27.86.1.33",
                            "ipaddressid": "397d9d80-806d-498a-b798-a8bc040ce983",
                            "port.#": "1",
                            "port.0.endport": "1000",
                            "port.0.startport": "1000",
                            "protocol": "tcp"
                        },
                        "meta": {},
                        "tainted": false
                    },
                    "deposed": [],
                    "provider": "provider.kcps"
                },
                "kcps_nat_portforward.ex": {
                    "type": "kcps_nat_portforward",
                    "depends_on": [
                        "kcps_publicip.ex",
                        "kcps_value_vm.ex.*"
                    ],
                    "primary": {
                        "id": "41bd2998-31d0-492e-84d5-a28167d4a613",
                        "attributes": {
                            "id": "41bd2998-31d0-492e-84d5-a28167d4a613",
                            "ipaddress": "27.86.1.33",
                            "ipaddressid": "397d9d80-806d-498a-b798-a8bc040ce983",
                            "port.#": "1",
                            "port.0.privateendport": "0",
                            "port.0.privateport": "22",
                            "port.0.publicendport": "0",
                            "port.0.publicport": "1000",
                            "protocol": "tcp",
                            "virtualmachineid": "80ea7938-5cfc-475c-878e-4add1fa40ba5"
                        },
                        "meta": {},
                        "tainted": false
                    },
                    "deposed": [],
                    "provider": "provider.kcps"
                },
                "kcps_publicip.ex": {
                    "type": "kcps_publicip",
                    "depends_on": [
                        "data.kcps_network.ex"
                    ],
                    "primary": {
                        "id": "397d9d80-806d-498a-b798-a8bc040ce983",
                        "attributes": {
                            "id": "397d9d80-806d-498a-b798-a8bc040ce983",
                            "ipaddress": "27.86.1.33",
                            "networkid": "d1f1bea6-d07b-4158-976e-c3f629f2bcbb"
                        },
                        "meta": {},
                        "tainted": false
                    },
                    "deposed": [],
                    "provider": "provider.kcps"
                },
                "kcps_value_vm.ex": {
                    "type": "kcps_value_vm",
                    "depends_on": [
                        "data.kcps_service_offering.ex",
                        "data.kcps_template.ex",
                        "data.kcps_zone.ex"
                    ],
                    "primary": {
                        "id": "80ea7938-5cfc-475c-878e-4add1fa40ba5",
                        "attributes": {
                            "id": "80ea7938-5cfc-475c-878e-4add1fa40ba5",
                            "iptonetworklist.#": "2",
                            "iptonetworklist.0.ip": "10.1.1.49",
                            "iptonetworklist.0.ipv6": "",
                            "iptonetworklist.0.networkid": "d1f1bea6-d07b-4158-976e-c3f629f2bcbb",
                            "iptonetworklist.1.ip": "198.18.140.111",
                            "iptonetworklist.1.ipv6": "",
                            "iptonetworklist.1.networkid": "89444cd5-032b-4f70-8ea0-9105e388a195",
                            "name": "example-0",
                            "password": "t69HTV",
                            "publicip": "27.86.2.25",
                            "serviceofferingid": "e3060950-1b4f-4adb-b050-bbe99694da19",
                            "templateid": "3718692a-b3d6-457f-be4c-dc4a40dbca0c",
                            "zoneid": "c71ac6b8-498e-43e6-89ad-46944a67bce0"
                        },
                        "meta": {},
                        "tainted": false
                    },
                    "deposed": [],
                    "provider": "provider.kcps"
                }
            },
            "depends_on": []
        }
    ]
}
